// !$*UTF8*$!
{
	archiveVersion = 1;
	classes = {
	};
	objectVersion = 56;
	objects = {

/* Begin PBXBuildFile section */
		819F01482B45916E00850056 /* See_WeatherApp.swift in Sources */ = {isa = PBXBuildFile; fileRef = 819F01472B45916E00850056 /* See_WeatherApp.swift */; };
		819F014A2B45916E00850056 /* ContentView.swift in Sources */ = {isa = PBXBuildFile; fileRef = 819F01492B45916E00850056 /* ContentView.swift */; };
		819F014C2B45917000850056 /* Assets.xcassets in Resources */ = {isa = PBXBuildFile; fileRef = 819F014B2B45917000850056 /* Assets.xcassets */; };
		819F014F2B45917000850056 /* Preview Assets.xcassets in Resources */ = {isa = PBXBuildFile; fileRef = 819F014E2B45917000850056 /* Preview Assets.xcassets */; };
		819F01592B45917000850056 /* See_WeatherTests.swift in Sources */ = {isa = PBXBuildFile; fileRef = 819F01582B45917000850056 /* See_WeatherTests.swift */; };
		819F01632B45917000850056 /* See_WeatherUITests.swift in Sources */ = {isa = PBXBuildFile; fileRef = 819F01622B45917000850056 /* See_WeatherUITests.swift */; };
		819F01652B45917000850056 /* See_WeatherUITestsLaunchTests.swift in Sources */ = {isa = PBXBuildFile; fileRef = 819F01642B45917000850056 /* See_WeatherUITestsLaunchTests.swift */; };
		819F01732B4591BE00850056 /* WeatherData.swift in Sources */ = {isa = PBXBuildFile; fileRef = 819F01722B4591BE00850056 /* WeatherData.swift */; };
/* End PBXBuildFile section */

/* Begin PBXContainerItemProxy section */
		819F01552B45917000850056 /* PBXContainerItemProxy */ = {
			isa = PBXContainerItemProxy;
			containerPortal = 819F013C2B45916E00850056 /* Project object */;
			proxyType = 1;
			remoteGlobalIDString = 819F01432B45916E00850056;
			remoteInfo = "See Weather";
		};
		819F015F2B45917000850056 /* PBXContainerItemProxy */ = {
			isa = PBXContainerItemProxy;
			containerPortal = 819F013C2B45916E00850056 /* Project object */;
			proxyType = 1;
			remoteGlobalIDString = 819F01432B45916E00850056;
			remoteInfo = "See Weather";
		};
/* End PBXContainerItemProxy section */

/* Begin PBXFileReference section */
		819F01442B45916E00850056 /* See Weather.app */ = {isa = PBXFileReference; explicitFileType = wrapper.application; includeInIndex = 0; path = "See Weather.app"; sourceTree = BUILT_PRODUCTS_DIR; };
		819F01472B45916E00850056 /* See_WeatherApp.swift */ = {isa = PBXFileReference; lastKnownFileType = sourcecode.swift; path = See_WeatherApp.swift; sourceTree = "<group>"; };
		819F01492B45916E00850056 /* ContentView.swift */ = {isa = PBXFileReference; lastKnownFileType = sourcecode.swift; path = ContentView.swift; sourceTree = "<group>"; };
		819F014B2B45917000850056 /* Assets.xcassets */ = {isa = PBXFileReference; lastKnownFileType = folder.assetcatalog; path = Assets.xcassets; sourceTree = "<group>"; };
		819F014E2B45917000850056 /* Preview Assets.xcassets */ = {isa = PBXFileReference; lastKnownFileType = folder.assetcatalog; path = "Preview Assets.xcassets"; sourceTree = "<group>"; };
		819F01542B45917000850056 /* See WeatherTests.xctest */ = {isa = PBXFileReference; explicitFileType = wrapper.cfbundle; includeInIndex = 0; path = "See WeatherTests.xctest"; sourceTree = BUILT_PRODUCTS_DIR; };
		819F01582B45917000850056 /* See_WeatherTests.swift */ = {isa = PBXFileReference; lastKnownFileType = sourcecode.swift; path = See_WeatherTests.swift; sourceTree = "<group>"; };
		819F015E2B45917000850056 /* See WeatherUITests.xctest */ = {isa = PBXFileReference; explicitFileType = wrapper.cfbundle; includeInIndex = 0; path = "See WeatherUITests.xctest"; sourceTree = BUILT_PRODUCTS_DIR; };
		819F01622B45917000850056 /* See_WeatherUITests.swift */ = {isa = PBXFileReference; lastKnownFileType = sourcecode.swift; path = See_WeatherUITests.swift; sourceTree = "<group>"; };
		819F01642B45917000850056 /* See_WeatherUITestsLaunchTests.swift */ = {isa = PBXFileReference; lastKnownFileType = sourcecode.swift; path = See_WeatherUITestsLaunchTests.swift; sourceTree = "<group>"; };
		819F01722B4591BE00850056 /* WeatherData.swift */ = {isa = PBXFileReference; lastKnownFileType = sourcecode.swift; path = WeatherData.swift; sourceTree = "<group>"; };
/* End PBXFileReference section */

/* Begin PBXFrameworksBuildPhase section */
		819F01412B45916E00850056 /* Frameworks */ = {
			isa = PBXFrameworksBuildPhase;
			buildActionMask = 2147483647;
			files = (
			);
			runOnlyForDeploymentPostprocessing = 0;
		};
		819F01512B45917000850056 /* Frameworks */ = {
			isa = PBXFrameworksBuildPhase;
			buildActionMask = 2147483647;
			files = (
			);
			runOnlyForDeploymentPostprocessing = 0;
		};
		819F015B2B45917000850056 /* Frameworks */ = {
			isa = PBXFrameworksBuildPhase;
			buildActionMask = 2147483647;
			files = (
			);
			runOnlyForDeploymentPostprocessing = 0;
		};
/* End PBXFrameworksBuildPhase section */

/* Begin PBXGroup section */
		819F013B2B45916E00850056 = {
			isa = PBXGroup;
			children = (
				819F01462B45916E00850056 /* See Weather */,
				819F01572B45917000850056 /* See WeatherTests */,
				819F01612B45917000850056 /* See WeatherUITests */,
				819F01452B45916E00850056 /* Products */,
			);
			sourceTree = "<group>";
		};
		819F01452B45916E00850056 /* Products */ = {
			isa = PBXGroup;
			children = (
				819F01442B45916E00850056 /* See Weather.app */,
				819F01542B45917000850056 /* See WeatherTests.xctest */,
				819F015E2B45917000850056 /* See WeatherUITests.xctest */,
			);
			name = Products;
			sourceTree = "<group>";
		};
		819F01462B45916E00850056 /* See Weather */ = {
			isa = PBXGroup;
			children = (
				819F01472B45916E00850056 /* See_WeatherApp.swift */,
				819F01712B4591A700850056 /* ViewModal */,
				819F01492B45916E00850056 /* ContentView.swift */,
				819F014B2B45917000850056 /* Assets.xcassets */,
				819F014D2B45917000850056 /* Preview Content */,
			);
			path = "See Weather";
			sourceTree = "<group>";
		};
		819F014D2B45917000850056 /* Preview Content */ = {
			isa = PBXGroup;
			children = (
				819F014E2B45917000850056 /* Preview Assets.xcassets */,
			);
			path = "Preview Content";
			sourceTree = "<group>";
		};
		819F01572B45917000850056 /* See WeatherTests */ = {
			isa = PBXGroup;
			children = (
				819F01582B45917000850056 /* See_WeatherTests.swift */,
			);
			path = "See WeatherTests";
			sourceTree = "<group>";
		};
		819F01612B45917000850056 /* See WeatherUITests */ = {
			isa = PBXGroup;
			children = (
				819F01622B45917000850056 /* See_WeatherUITests.swift */,
				819F01642B45917000850056 /* See_WeatherUITestsLaunchTests.swift */,
			);
			path = "See WeatherUITests";
			sourceTree = "<group>";
		};
		819F01712B4591A700850056 /* ViewModal */ = {
			isa = PBXGroup;
			children = (
				819F01722B4591BE00850056 /* WeatherData.swift */,
			);
			path = ViewModal;
			sourceTree = "<group>";
		};
/* End PBXGroup section */

/* Begin PBXNativeTarget section */
		819F01432B45916E00850056 /* See Weather */ = {
			isa = PBXNativeTarget;
			buildConfigurationList = 819F01682B45917000850056 /* Build configuration list for PBXNativeTarget "See Weather" */;
			buildPhases = (
				819F01402B45916E00850056 /* Sources */,
				819F01412B45916E00850056 /* Frameworks */,
				819F01422B45916E00850056 /* Resources */,
			);
			buildRules = (
			);
			dependencies = (
			);
			name = "See Weather";
			productName = "See Weather";
			productReference = 819F01442B45916E00850056 /* See Weather.app */;
			productType = "com.apple.product-type.application";
		};
		819F01532B45917000850056 /* See WeatherTests */ = {
			isa = PBXNativeTarget;
			buildConfigurationList = 819F016B2B45917000850056 /* Build configuration list for PBXNativeTarget "See WeatherTests" */;
			buildPhases = (
				819F01502B45917000850056 /* Sources */,
				819F01512B45917000850056 /* Frameworks */,
				819F01522B45917000850056 /* Resources */,
			);
			buildRules = (
			);
			dependencies = (
				819F01562B45917000850056 /* PBXTargetDependency */,
			);
			name = "See WeatherTests";
			productName = "See WeatherTests";
			productReference = 819F01542B45917000850056 /* See WeatherTests.xctest */;
			productType = "com.apple.product-type.bundle.unit-test";
		};
		819F015D2B45917000850056 /* See WeatherUITests */ = {
			isa = PBXNativeTarget;
			buildConfigurationList = 819F016E2B45917000850056 /* Build configuration list for PBXNativeTarget "See WeatherUITests" */;
			buildPhases = (
				819F015A2B45917000850056 /* Sources */,
				819F015B2B45917000850056 /* Frameworks */,
				819F015C2B45917000850056 /* Resources */,
			);
			buildRules = (
			);
			dependencies = (
				819F01602B45917000850056 /* PBXTargetDependency */,
			);
			name = "See WeatherUITests";
			productName = "See WeatherUITests";
			productReference = 819F015E2B45917000850056 /* See WeatherUITests.xctest */;
			productType = "com.apple.product-type.bundle.ui-testing";
		};
/* End PBXNativeTarget section */

/* Begin PBXProject section */
		819F013C2B45916E00850056 /* Project object */ = {
			isa = PBXProject;
			attributes = {
				BuildIndependentTargetsInParallel = 1;
				LastSwiftUpdateCheck = 1510;
				LastUpgradeCheck = 1510;
				TargetAttributes = {
					819F01432B45916E00850056 = {
						CreatedOnToolsVersion = 15.1;
					};
					819F01532B45917000850056 = {
						CreatedOnToolsVersion = 15.1;
						TestTargetID = 819F01432B45916E00850056;
					};
					819F015D2B45917000850056 = {
						CreatedOnToolsVersion = 15.1;
						TestTargetID = 819F01432B45916E00850056;
					};
				};
			};
			buildConfigurationList = 819F013F2B45916E00850056 /* Build configuration list for PBXProject "See Weather" */;
			compatibilityVersion = "Xcode 14.0";
			developmentRegion = en;
			hasScannedForEncodings = 0;
			knownRegions = (
				en,
				Base,
			);
			mainGroup = 819F013B2B45916E00850056;
			productRefGroup = 819F01452B45916E00850056 /* Products */;
			projectDirPath = "";
			projectRoot = "";
			targets = (
				819F01432B45916E00850056 /* See Weather */,
				819F01532B45917000850056 /* See WeatherTests */,
				819F015D2B45917000850056 /* See WeatherUITests */,
			);
		};
/* End PBXProject section */

/* Begin PBXResourcesBuildPhase section */
		819F01422B45916E00850056 /* Resources */ = {
			isa = PBXResourcesBuildPhase;
			buildActionMask = 2147483647;
			files = (
				819F014F2B45917000850056 /* Preview Assets.xcassets in Resources */,
				819F014C2B45917000850056 /* Assets.xcassets in Resources */,
			);
			runOnlyForDeploymentPostprocessing = 0;
		};
		819F01522B45917000850056 /* Resources */ = {
			isa = PBXResourcesBuildPhase;
			buildActionMask = 2147483647;
			files = (
			);
			runOnlyForDeploymentPostprocessing = 0;
		};
		819F015C2B45917000850056 /* Resources */ = {
			isa = PBXResourcesBuildPhase;
			buildActionMask = 2147483647;
			files = (
			);
			runOnlyForDeploymentPostprocessing = 0;
		};
/* End PBXResourcesBuildPhase section */

/* Begin PBXSourcesBuildPhase section */
		819F01402B45916E00850056 /* Sources */ = {
			isa = PBXSourcesBuildPhase;
			buildActionMask = 2147483647;
			files = (
				819F014A2B45916E00850056 /* ContentView.swift in Sources */,
				819F01732B4591BE00850056 /* WeatherData.swift in Sources */,
				819F01482B45916E00850056 /* See_WeatherApp.swift in Sources */,
			);
			runOnlyForDeploymentPostprocessing = 0;
		};
		819F01502B45917000850056 /* Sources */ = {
			isa = PBXSourcesBuildPhase;
			buildActionMask = 2147483647;
			files = (
				819F01592B45917000850056 /* See_WeatherTests.swift in Sources */,
			);
			runOnlyForDeploymentPostprocessing = 0;
		};
		819F015A2B45917000850056 /* Sources */ = {
			isa = PBXSourcesBuildPhase;
			buildActionMask = 2147483647;
			files = (
				819F01632B45917000850056 /* See_WeatherUITests.swift in Sources */,
				819F01652B45917000850056 /* See_WeatherUITestsLaunchTests.swift in Sources */,
			);
			runOnlyForDeploymentPostprocessing = 0;
		};
/* End PBXSourcesBuildPhase section */

/* Begin PBXTargetDependency section */
		819F01562B45917000850056 /* PBXTargetDependency */ = {
			isa = PBXTargetDependency;
			target = 819F01432B45916E00850056 /* See Weather */;
			targetProxy = 819F01552B45917000850056 /* PBXContainerItemProxy */;
		};
		819F01602B45917000850056 /* PBXTargetDependency */ = {
			isa = PBXTargetDependency;
			target = 819F01432B45916E00850056 /* See Weather */;
			targetProxy = 819F015F2B45917000850056 /* PBXContainerItemProxy */;
		};
/* End PBXTargetDependency section */

/* Begin XCBuildConfiguration section */
		819F01662B45917000850056 /* Debug */ = {
			isa = XCBuildConfiguration;
			buildSettings = {
				ALWAYS_SEARCH_USER_PATHS = NO;
				ASSETCATALOG_COMPILER_GENERATE_SWIFT_ASSET_SYMBOL_EXTENSIONS = YES;
				CLANG_ANALYZER_NONNULL = YES;
				CLANG_ANALYZER_NUMBER_OBJECT_CONVERSION = YES_AGGRESSIVE;
				CLANG_CXX_LANGUAGE_STANDARD = "gnu++20";
				CLANG_ENABLE_MODULES = YES;
				CLANG_ENABLE_OBJC_ARC = YES;
				CLANG_ENABLE_OBJC_WEAK = YES;
				CLANG_WARN_BLOCK_CAPTURE_AUTORELEASING = YES;
				CLANG_WARN_BOOL_CONVERSION = YES;
				CLANG_WARN_COMMA = YES;
				CLANG_WARN_CONSTANT_CONVERSION = YES;
				CLANG_WARN_DEPRECATED_OBJC_IMPLEMENTATIONS = YES;
				CLANG_WARN_DIRECT_OBJC_ISA_USAGE = YES_ERROR;
				CLANG_WARN_DOCUMENTATION_COMMENTS = YES;
				CLANG_WARN_EMPTY_BODY = YES;
				CLANG_WARN_ENUM_CONVERSION = YES;
				CLANG_WARN_INFINITE_RECURSION = YES;
				CLANG_WARN_INT_CONVERSION = YES;
				CLANG_WARN_NON_LITERAL_NULL_CONVERSION = YES;
				CLANG_WARN_OBJC_IMPLICIT_RETAIN_SELF = YES;
				CLANG_WARN_OBJC_LITERAL_CONVERSION = YES;
				CLANG_WARN_OBJC_ROOT_CLASS = YES_ERROR;
				CLANG_WARN_QUOTED_INCLUDE_IN_FRAMEWORK_HEADER = YES;
				CLANG_WARN_RANGE_LOOP_ANALYSIS = YES;
				CLANG_WARN_STRICT_PROTOTYPES = YES;
				CLANG_WARN_SUSPICIOUS_MOVE = YES;
				CLANG_WARN_UNGUARDED_AVAILABILITY = YES_AGGRESSIVE;
				CLANG_WARN_UNREACHABLE_CODE = YES;
				CLANG_WARN__DUPLICATE_METHOD_MATCH = YES;
				COPY_PHASE_STRIP = NO;
				DEBUG_INFORMATION_FORMAT = dwarf;
				ENABLE_STRICT_OBJC_MSGSEND = YES;
				ENABLE_TESTABILITY = YES;
				ENABLE_USER_SCRIPT_SANDBOXING = YES;
				GCC_C_LANGUAGE_STANDARD = gnu17;
				GCC_DYNAMIC_NO_PIC = NO;
				GCC_NO_COMMON_BLOCKS = YES;
				GCC_OPTIMIZATION_LEVEL = 0;
				GCC_PREPROCESSOR_DEFINITIONS = (
					"DEBUG=1",
					"$(inherited)",
				);
				GCC_WARN_64_TO_32_BIT_CONVERSION = YES;
				GCC_WARN_ABOUT_RETURN_TYPE = YES_ERROR;
				GCC_WARN_UNDECLARED_SELECTOR = YES;
				GCC_WARN_UNINITIALIZED_AUTOS = YES_AGGRESSIVE;
				GCC_WARN_UNUSED_FUNCTION = YES;
				GCC_WARN_UNUSED_VARIABLE = YES;
				IPHONEOS_DEPLOYMENT_TARGET = 17.2;
				LOCALIZATION_PREFERS_STRING_CATALOGS = YES;
				MTL_ENABLE_DEBUG_INFO = INCLUDE_SOURCE;
				MTL_FAST_MATH = YES;
				ONLY_ACTIVE_ARCH = YES;
				SDKROOT = iphoneos;
				SWIFT_ACTIVE_COMPILATION_CONDITIONS = "DEBUG $(inherited)";
				SWIFT_OPTIMIZATION_LEVEL = "-Onone";
			};
			name = Debug;
		};
		819F01672B45917000850056 /* Release */ = {
			isa = XCBuildConfiguration;
			buildSettings = {
				ALWAYS_SEARCH_USER_PATHS = NO;
				ASSETCATALOG_COMPILER_GENERATE_SWIFT_ASSET_SYMBOL_EXTENSIONS = YES;
				CLANG_ANALYZER_NONNULL = YES;
				CLANG_ANALYZER_NUMBER_OBJECT_CONVERSION = YES_AGGRESSIVE;
				CLANG_CXX_LANGUAGE_STANDARD = "gnu++20";
				CLANG_ENABLE_MODULES = YES;
				CLANG_ENABLE_OBJC_ARC = YES;
				CLANG_ENABLE_OBJC_WEAK = YES;
				CLANG_WARN_BLOCK_CAPTURE_AUTORELEASING = YES;
				CLANG_WARN_BOOL_CONVERSION = YES;
				CLANG_WARN_COMMA = YES;
				CLANG_WARN_CONSTANT_CONVERSION = YES;
				CLANG_WARN_DEPRECATED_OBJC_IMPLEMENTATIONS = YES;
				CLANG_WARN_DIRECT_OBJC_ISA_USAGE = YES_ERROR;
				CLANG_WARN_DOCUMENTATION_COMMENTS = YES;
				CLANG_WARN_EMPTY_BODY = YES;
				CLANG_WARN_ENUM_CONVERSION = YES;
				CLANG_WARN_INFINITE_RECURSION = YES;
				CLANG_WARN_INT_CONVERSION = YES;
				CLANG_WARN_NON_LITERAL_NULL_CONVERSION = YES;
				CLANG_WARN_OBJC_IMPLICIT_RETAIN_SELF = YES;
				CLANG_WARN_OBJC_LITERAL_CONVERSION = YES;
				CLANG_WARN_OBJC_ROOT_CLASS = YES_ERROR;
				CLANG_WARN_QUOTED_INCLUDE_IN_FRAMEWORK_HEADER = YES;
				CLANG_WARN_RANGE_LOOP_ANALYSIS = YES;
				CLANG_WARN_STRICT_PROTOTYPES = YES;
				CLANG_WARN_SUSPICIOUS_MOVE = YES;
				CLANG_WARN_UNGUARDED_AVAILABILITY = YES_AGGRESSIVE;
				CLANG_WARN_UNREACHABLE_CODE = YES;
				CLANG_WARN__DUPLICATE_METHOD_MATCH = YES;
				COPY_PHASE_STRIP = NO;
				DEBUG_INFORMATION_FORMAT = "dwarf-with-dsym";
				ENABLE_NS_ASSERTIONS = NO;
				ENABLE_STRICT_OBJC_MSGSEND = YES;
				ENABLE_USER_SCRIPT_SANDBOXING = YES;
				GCC_C_LANGUAGE_STANDARD = gnu17;
				GCC_NO_COMMON_BLOCKS = YES;
				GCC_WARN_64_TO_32_BIT_CONVERSION = YES;
				GCC_WARN_ABOUT_RETURN_TYPE = YES_ERROR;
				GCC_WARN_UNDECLARED_SELECTOR = YES;
				GCC_WARN_UNINITIALIZED_AUTOS = YES_AGGRESSIVE;
				GCC_WARN_UNUSED_FUNCTION = YES;
				GCC_WARN_UNUSED_VARIABLE = YES;
				IPHONEOS_DEPLOYMENT_TARGET = 17.2;
				LOCALIZATION_PREFERS_STRING_CATALOGS = YES;
				MTL_ENABLE_DEBUG_INFO = NO;
				MTL_FAST_MATH = YES;
				SDKROOT = iphoneos;
				SWIFT_COMPILATION_MODE = wholemodule;
				VALIDATE_PRODUCT = YES;
			};
			name = Release;
		};
		819F01692B45917000850056 /* Debug */ = {
			isa = XCBuildConfiguration;
			buildSettings = {
				ASSETCATALOG_COMPILER_APPICON_NAME = AppIcon;
				ASSETCATALOG_COMPILER_GLOBAL_ACCENT_COLOR_NAME = AccentColor;
				CODE_SIGN_STYLE = Automatic;
				CURRENT_PROJECT_VERSION = 1;
				DEVELOPMENT_ASSET_PATHS = "\"See Weather/Preview Content\"";
				DEVELOPMENT_TEAM = V6Z63JTKRK;
				ENABLE_PREVIEWS = YES;
				GENERATE_INFOPLIST_FILE = YES;
				INFOPLIST_KEY_NSLocationAlwaysUsageDescription = "We need your location to provide current Weather information.";
				INFOPLIST_KEY_NSLocationWhenInUseUsageDescription = "We need your location to provide current Weather information.";
				INFOPLIST_KEY_UIApplicationSceneManifest_Generation = YES;
				INFOPLIST_KEY_UIApplicationSupportsIndirectInputEvents = YES;
				INFOPLIST_KEY_UILaunchScreen_Generation = YES;
				INFOPLIST_KEY_UISupportedInterfaceOrientations_iPad = "UIInterfaceOrientationPortrait UIInterfaceOrientationPortraitUpsideDown UIInterfaceOrientationLandscapeLeft UIInterfaceOrientationLandscapeRight";
				INFOPLIST_KEY_UISupportedInterfaceOrientations_iPhone = "UIInterfaceOrientationPortrait UIInterfaceOrientationLandscapeLeft UIInterfaceOrientationLandscapeRight";
				LD_RUNPATH_SEARCH_PATHS = (
					"$(inherited)",
					"@executable_path/Frameworks",
				);
				MARKETING_VERSION = 1.0;
				PRODUCT_BUNDLE_IDENTIFIER = "com.LaluIman.See-Weather";
				PRODUCT_NAME = "$(TARGET_NAME)";
				SWIFT_EMIT_LOC_STRINGS = YES;
				SWIFT_VERSION = 5.0;
				TARGETED_DEVICE_FAMILY = "1,2";
			};
			name = Debug;
		};
		819F016A2B45917000850056 /* Release */ = {
			isa = XCBuildConfiguration;
			buildSettings = {
				ASSETCATALOG_COMPILER_APPICON_NAME = AppIcon;
				ASSETCATALOG_COMPILER_GLOBAL_ACCENT_COLOR_NAME = AccentColor;
				CODE_SIGN_STYLE = Automatic;
				CURRENT_PROJECT_VERSION = 1;
				DEVELOPMENT_ASSET_PATHS = "\"See Weather/Preview Content\"";
				DEVELOPMENT_TEAM = V6Z63JTKRK;
				ENABLE_PREVIEWS = YES;
				GENERATE_INFOPLIST_FILE = YES;
				INFOPLIST_KEY_NSLocationAlwaysUsageDescription = "We need your location to provide current Weather information.";
				INFOPLIST_KEY_NSLocationWhenInUseUsageDescription = "We need your location to provide current Weather information.";
				INFOPLIST_KEY_UIApplicationSceneManifest_Generation = YES;
				INFOPLIST_KEY_UIApplicationSupportsIndirectInputEvents = YES;
				INFOPLIST_KEY_UILaunchScreen_Generation = YES;
				INFOPLIST_KEY_UISupportedInterfaceOrientations_iPad = "UIInterfaceOrientationPortrait UIInterfaceOrientationPortraitUpsideDown UIInterfaceOrientationLandscapeLeft UIInterfaceOrientationLandscapeRight";
				INFOPLIST_KEY_UISupportedInterfaceOrientations_iPhone = "UIInterfaceOrientationPortrait UIInterfaceOrientationLandscapeLeft UIInterfaceOrientationLandscapeRight";
				LD_RUNPATH_SEARCH_PATHS = (
					"$(inherited)",
					"@executable_path/Frameworks",
				);
				MARKETING_VERSION = 1.0;
				PRODUCT_BUNDLE_IDENTIFIER = "com.LaluIman.See-Weather";
				PRODUCT_NAME = "$(TARGET_NAME)";
				SWIFT_EMIT_LOC_STRINGS = YES;
				SWIFT_VERSION = 5.0;
				TARGETED_DEVICE_FAMILY = "1,2";
			};
			name = Release;
		};
		819F016C2B45917000850056 /* Debug */ = {
			isa = XCBuildConfiguration;
			buildSettings = {
				ALWAYS_EMBED_SWIFT_STANDARD_LIBRARIES = YES;
				BUNDLE_LOADER = "$(TEST_HOST)";
				CODE_SIGN_STYLE = Automatic;
				CURRENT_PROJECT_VERSION = 1;
				DEVELOPMENT_TEAM = V6Z63JTKRK;
				GENERATE_INFOPLIST_FILE = YES;
				IPHONEOS_DEPLOYMENT_TARGET = 17.2;
				MARKETING_VERSION = 1.0;
				PRODUCT_BUNDLE_IDENTIFIER = "com.LaluIman.See-WeatherTests";
				PRODUCT_NAME = "$(TARGET_NAME)";
				SWIFT_EMIT_LOC_STRINGS = NO;
				SWIFT_VERSION = 5.0;
				TARGETED_DEVICE_FAMILY = "1,2";
				TEST_HOST = "$(BUILT_PRODUCTS_DIR)/See Weather.app/$(BUNDLE_EXECUTABLE_FOLDER_PATH)/See Weather";
			};
			name = Debug;
		};
		819F016D2B45917000850056 /* Release */ = {
			isa = XCBuildConfiguration;
			buildSettings = {
				ALWAYS_EMBED_SWIFT_STANDARD_LIBRARIES = YES;
				BUNDLE_LOADER = "$(TEST_HOST)";
				CODE_SIGN_STYLE = Automatic;
				CURRENT_PROJECT_VERSION = 1;
				DEVELOPMENT_TEAM = V6Z63JTKRK;
				GENERATE_INFOPLIST_FILE = YES;
				IPHONEOS_DEPLOYMENT_TARGET = 17.2;
				MARKETING_VERSION = 1.0;
				PRODUCT_BUNDLE_IDENTIFIER = "com.LaluIman.See-WeatherTests";
				PRODUCT_NAME = "$(TARGET_NAME)";
				SWIFT_EMIT_LOC_STRINGS = NO;
				SWIFT_VERSION = 5.0;
				TARGETED_DEVICE_FAMILY = "1,2";
				TEST_HOST = "$(BUILT_PRODUCTS_DIR)/See Weather.app/$(BUNDLE_EXECUTABLE_FOLDER_PATH)/See Weather";
			};
			name = Release;
		};
		819F016F2B45917000850056 /* Debug */ = {
			isa = XCBuildConfiguration;
			buildSettings = {
				ALWAYS_EMBED_SWIFT_STANDARD_LIBRARIES = YES;
				CODE_SIGN_STYLE = Automatic;
				CURRENT_PROJECT_VERSION = 1;
				DEVELOPMENT_TEAM = V6Z63JTKRK;
				GENERATE_INFOPLIST_FILE = YES;
				MARKETING_VERSION = 1.0;
				PRODUCT_BUNDLE_IDENTIFIER = "com.LaluIman.See-WeatherUITests";
				PRODUCT_NAME = "$(TARGET_NAME)";
				SWIFT_EMIT_LOC_STRINGS = NO;
				SWIFT_VERSION = 5.0;
				TARGETED_DEVICE_FAMILY = "1,2";
				TEST_TARGET_NAME = "See Weather";
			};
			name = Debug;
		};
		819F01702B45917000850056 /* Release */ = {
			isa = XCBuildConfiguration;
			buildSettings = {
				ALWAYS_EMBED_SWIFT_STANDARD_LIBRARIES = YES;
				CODE_SIGN_STYLE = Automatic;
				CURRENT_PROJECT_VERSION = 1;
				DEVELOPMENT_TEAM = V6Z63JTKRK;
				GENERATE_INFOPLIST_FILE = YES;
				MARKETING_VERSION = 1.0;
				PRODUCT_BUNDLE_IDENTIFIER = "com.LaluIman.See-WeatherUITests";
				PRODUCT_NAME = "$(TARGET_NAME)";
				SWIFT_EMIT_LOC_STRINGS = NO;
				SWIFT_VERSION = 5.0;
				TARGETED_DEVICE_FAMILY = "1,2";
				TEST_TARGET_NAME = "See Weather";
			};
			name = Release;
		};
/* End XCBuildConfiguration section */

/* Begin XCConfigurationList section */
		819F013F2B45916E00850056 /* Build configuration list for PBXProject "See Weather" */ = {
			isa = XCConfigurationList;
			buildConfigurations = (
				819F01662B45917000850056 /* Debug */,
				819F01672B45917000850056 /* Release */,
			);
			defaultConfigurationIsVisible = 0;
			defaultConfigurationName = Release;
		};
		819F01682B45917000850056 /* Build configuration list for PBXNativeTarget "See Weather" */ = {
			isa = XCConfigurationList;
			buildConfigurations = (
				819F01692B45917000850056 /* Debug */,
				819F016A2B45917000850056 /* Release */,
			);
			defaultConfigurationIsVisible = 0;
			defaultConfigurationName = Release;
		};
		819F016B2B45917000850056 /* Build configuration list for PBXNativeTarget "See WeatherTests" */ = {
			isa = XCConfigurationList;
			buildConfigurations = (
				819F016C2B45917000850056 /* Debug */,
				819F016D2B45917000850056 /* Release */,
			);
			defaultConfigurationIsVisible = 0;
			defaultConfigurationName = Release;
		};
		819F016E2B45917000850056 /* Build configuration list for PBXNativeTarget "See WeatherUITests" */ = {
			isa = XCConfigurationList;
			buildConfigurations = (
				819F016F2B45917000850056 /* Debug */,
				819F01702B45917000850056 /* Release */,
			);
			defaultConfigurationIsVisible = 0;
			defaultConfigurationName = Release;
		};
/* End XCConfigurationList section */
	};
	rootObject = 819F013C2B45916E00850056 /* Project object */;
}
